
Microsoft Visual Studio Solution File, Format Version 12.00
# Visual Studio Version 17
VisualStudioVersion = 17.14.36203.30 d17.14
MinimumVisualStudioVersion = 10.0.40219.1
Project("{FAE04EC0-301F-11D3-BF4B-00C04F79EFBC}") = "ConsoleApp1", "ConsoleApp1\ConsoleApp1.csproj", "{063BE28E-6584-4BF6-ADB1-396CCD45970E}"
EndProject
Global
	GlobalSection(SolutionConfigurationPlatforms) = preSolution
		Debug|Any CPU = Debug|Any CPU
		Release|Any CPU = Release|Any CPU
	EndGlobalSection
	GlobalSection(ProjectConfigurationPlatforms) = postSolution
		{063BE28E-6584-4BF6-ADB1-396CCD45970E}.Debug|Any CPU.ActiveCfg = Debug|Any CPU
		{063BE28E-6584-4BF6-ADB1-396CCD45970E}.Debug|Any CPU.Build.0 = Debug|Any CPU
		{063BE28E-6584-4BF6-ADB1-396CCD45970E}.Release|Any CPU.ActiveCfg = Release|Any CPU
		{063BE28E-6584-4BF6-ADB1-396CCD45970E}.Release|Any CPU.Build.0 = Release|Any CPU
	EndGlobalSection
	GlobalSection(SolutionProperties) = preSolution
		HideSolutionNode = FALSE
	EndGlobalSection
	GlobalSection(ExtensibilityGlobals) = postSolution
		SolutionGuid = {A54853FC-2934-4CB2-B23A-A5E58F326646}
	EndGlobalSection
EndGlobal
